// !$*UTF8*$!
{
	archiveVersion = 1;
	classes = {
	};
	objectVersion = 56;
	objects = {

/* Begin PBXBuildFile section */
		B2BC0B2028D5AAF1002DC7E5 /* RestartAppApp.swift in Sources */ = {isa = PBXBuildFile; fileRef = B2BC0B1F28D5AAF1002DC7E5 /* RestartAppApp.swift */; };
		B2BC0B2228D5AAF1002DC7E5 /* ContentView.swift in Sources */ = {isa = PBXBuildFile; fileRef = B2BC0B2128D5AAF1002DC7E5 /* ContentView.swift */; };
		B2BC0B2428D5AAF3002DC7E5 /* Assets.xcassets in Resources */ = {isa = PBXBuildFile; fileRef = B2BC0B2328D5AAF3002DC7E5 /* Assets.xcassets */; };
		B2BC0B2728D5AAF3002DC7E5 /* Preview Assets.xcassets in Resources */ = {isa = PBXBuildFile; fileRef = B2BC0B2628D5AAF3002DC7E5 /* Preview Assets.xcassets */; };
		B2BC0B2F28D5CFB6002DC7E5 /* chimeup.mp3 in Resources */ = {isa = PBXBuildFile; fileRef = B2BC0B2D28D5CFB6002DC7E5 /* chimeup.mp3 */; };
		B2BC0B3028D5CFB6002DC7E5 /* success.m4a in Resources */ = {isa = PBXBuildFile; fileRef = B2BC0B2E28D5CFB6002DC7E5 /* success.m4a */; };
		B2BC0B3728D5D3BC002DC7E5 /* OnboardingView.swift in Sources */ = {isa = PBXBuildFile; fileRef = B2BC0B3628D5D3BC002DC7E5 /* OnboardingView.swift */; };
		B2BC0B3928D5D3D3002DC7E5 /* HomeView.swift in Sources */ = {isa = PBXBuildFile; fileRef = B2BC0B3828D5D3D3002DC7E5 /* HomeView.swift */; };
		B2BC0B3B28D5E9CD002DC7E5 /* CircleGroupView.swift in Sources */ = {isa = PBXBuildFile; fileRef = B2BC0B3A28D5E9CD002DC7E5 /* CircleGroupView.swift */; };
/* End PBXBuildFile section */

/* Begin PBXFileReference section */
		B2BC0B1C28D5AAF1002DC7E5 /* RestartApp.app */ = {isa = PBXFileReference; explicitFileType = wrapper.application; includeInIndex = 0; path = RestartApp.app; sourceTree = BUILT_PRODUCTS_DIR; };
		B2BC0B1F28D5AAF1002DC7E5 /* RestartAppApp.swift */ = {isa = PBXFileReference; lastKnownFileType = sourcecode.swift; path = RestartAppApp.swift; sourceTree = "<group>"; };
		B2BC0B2128D5AAF1002DC7E5 /* ContentView.swift */ = {isa = PBXFileReference; lastKnownFileType = sourcecode.swift; path = ContentView.swift; sourceTree = "<group>"; };
		B2BC0B2328D5AAF3002DC7E5 /* Assets.xcassets */ = {isa = PBXFileReference; lastKnownFileType = folder.assetcatalog; path = Assets.xcassets; sourceTree = "<group>"; };
		B2BC0B2628D5AAF3002DC7E5 /* Preview Assets.xcassets */ = {isa = PBXFileReference; lastKnownFileType = folder.assetcatalog; path = "Preview Assets.xcassets"; sourceTree = "<group>"; };
		B2BC0B2D28D5CFB6002DC7E5 /* chimeup.mp3 */ = {isa = PBXFileReference; lastKnownFileType = audio.mp3; path = chimeup.mp3; sourceTree = "<group>"; };
		B2BC0B2E28D5CFB6002DC7E5 /* success.m4a */ = {isa = PBXFileReference; lastKnownFileType = file; path = success.m4a; sourceTree = "<group>"; };
		B2BC0B3528D5D339002DC7E5 /* Info.plist */ = {isa = PBXFileReference; lastKnownFileType = text.plist; path = Info.plist; sourceTree = "<group>"; };
		B2BC0B3628D5D3BC002DC7E5 /* OnboardingView.swift */ = {isa = PBXFileReference; lastKnownFileType = sourcecode.swift; path = OnboardingView.swift; sourceTree = "<group>"; };
		B2BC0B3828D5D3D3002DC7E5 /* HomeView.swift */ = {isa = PBXFileReference; lastKnownFileType = sourcecode.swift; path = HomeView.swift; sourceTree = "<group>"; };
		B2BC0B3A28D5E9CD002DC7E5 /* CircleGroupView.swift */ = {isa = PBXFileReference; lastKnownFileType = sourcecode.swift; path = CircleGroupView.swift; sourceTree = "<group>"; };
/* End PBXFileReference section */

/* Begin PBXFrameworksBuildPhase section */
		B2BC0B1928D5AAF1002DC7E5 /* Frameworks */ = {
			isa = PBXFrameworksBuildPhase;
			buildActionMask = 2147483647;
			files = (
			);
			runOnlyForDeploymentPostprocessing = 0;
		};
/* End PBXFrameworksBuildPhase section */

/* Begin PBXGroup section */
		B2BC0B1328D5AAF1002DC7E5 = {
			isa = PBXGroup;
			children = (
				B2BC0B1E28D5AAF1002DC7E5 /* RestartApp */,
				B2BC0B1D28D5AAF1002DC7E5 /* Products */,
			);
			sourceTree = "<group>";
		};
		B2BC0B1D28D5AAF1002DC7E5 /* Products */ = {
			isa = PBXGroup;
			children = (
				B2BC0B1C28D5AAF1002DC7E5 /* RestartApp.app */,
			);
			name = Products;
			sourceTree = "<group>";
		};
		B2BC0B1E28D5AAF1002DC7E5 /* RestartApp */ = {
			isa = PBXGroup;
			children = (
				B2BC0B3528D5D339002DC7E5 /* Info.plist */,
				B2BC0B3428D5D11E002DC7E5 /* Utilities */,
				B2BC0B3328D5D0F6002DC7E5 /* Views */,
				B2BC0B1F28D5AAF1002DC7E5 /* RestartAppApp.swift */,
				B2BC0B3228D5D0CB002DC7E5 /* Screens */,
				B2BC0B2328D5AAF3002DC7E5 /* Assets.xcassets */,
				B2BC0B3128D5CFEB002DC7E5 /* Sounds */,
				B2BC0B2528D5AAF3002DC7E5 /* Preview Content */,
			);
			path = RestartApp;
			sourceTree = "<group>";
		};
		B2BC0B2528D5AAF3002DC7E5 /* Preview Content */ = {
			isa = PBXGroup;
			children = (
				B2BC0B2628D5AAF3002DC7E5 /* Preview Assets.xcassets */,
			);
			path = "Preview Content";
			sourceTree = "<group>";
		};
		B2BC0B3128D5CFEB002DC7E5 /* Sounds */ = {
			isa = PBXGroup;
			children = (
				B2BC0B2D28D5CFB6002DC7E5 /* chimeup.mp3 */,
				B2BC0B2E28D5CFB6002DC7E5 /* success.m4a */,
			);
			path = Sounds;
			sourceTree = "<group>";
		};
		B2BC0B3228D5D0CB002DC7E5 /* Screens */ = {
			isa = PBXGroup;
			children = (
				B2BC0B2128D5AAF1002DC7E5 /* ContentView.swift */,
				B2BC0B3628D5D3BC002DC7E5 /* OnboardingView.swift */,
				B2BC0B3828D5D3D3002DC7E5 /* HomeView.swift */,
			);
			path = Screens;
			sourceTree = "<group>";
		};
		B2BC0B3328D5D0F6002DC7E5 /* Views */ = {
			isa = PBXGroup;
			children = (
				B2BC0B3A28D5E9CD002DC7E5 /* CircleGroupView.swift */,
			);
			path = Views;
			sourceTree = "<group>";
		};
		B2BC0B3428D5D11E002DC7E5 /* Utilities */ = {
			isa = PBXGroup;
			children = (
			);
			path = Utilities;
			sourceTree = "<group>";
		};
/* End PBXGroup section */

/* Begin PBXNativeTarget section */
		B2BC0B1B28D5AAF1002DC7E5 /* RestartApp */ = {
			isa = PBXNativeTarget;
			buildConfigurationList = B2BC0B2A28D5AAF3002DC7E5 /* Build configuration list for PBXNativeTarget "RestartApp" */;
			buildPhases = (
				B2BC0B1828D5AAF1002DC7E5 /* Sources */,
				B2BC0B1928D5AAF1002DC7E5 /* Frameworks */,
				B2BC0B1A28D5AAF1002DC7E5 /* Resources */,
			);
			buildRules = (
			);
			dependencies = (
			);
			name = RestartApp;
			productName = RestartApp;
			productReference = B2BC0B1C28D5AAF1002DC7E5 /* RestartApp.app */;
			productType = "com.apple.product-type.application";
		};
/* End PBXNativeTarget section */

/* Begin PBXProject section */
		B2BC0B1428D5AAF1002DC7E5 /* Project object */ = {
			isa = PBXProject;
			attributes = {
				BuildIndependentTargetsInParallel = 1;
				LastSwiftUpdateCheck = 1400;
				LastUpgradeCheck = 1400;
				TargetAttributes = {
					B2BC0B1B28D5AAF1002DC7E5 = {
						CreatedOnToolsVersion = 14.0;
					};
				};
			};
			buildConfigurationList = B2BC0B1728D5AAF1002DC7E5 /* Build configuration list for PBXProject "RestartApp" */;
			compatibilityVersion = "Xcode 14.0";
			developmentRegion = en;
			hasScannedForEncodings = 0;
			knownRegions = (
				en,
				Base,
			);
			mainGroup = B2BC0B1328D5AAF1002DC7E5;
			productRefGroup = B2BC0B1D28D5AAF1002DC7E5 /* Products */;
			projectDirPath = "";
			projectRoot = "";
			targets = (
				B2BC0B1B28D5AAF1002DC7E5 /* RestartApp */,
			);
		};
/* End PBXProject section */

/* Begin PBXResourcesBuildPhase section */
		B2BC0B1A28D5AAF1002DC7E5 /* Resources */ = {
			isa = PBXResourcesBuildPhase;
			buildActionMask = 2147483647;
			files = (
				B2BC0B3028D5CFB6002DC7E5 /* success.m4a in Resources */,
				B2BC0B2F28D5CFB6002DC7E5 /* chimeup.mp3 in Resources */,
				B2BC0B2728D5AAF3002DC7E5 /* Preview Assets.xcassets in Resources */,
				B2BC0B2428D5AAF3002DC7E5 /* Assets.xcassets in Resources */,
			);
			runOnlyForDeploymentPostprocessing = 0;
		};
/* End PBXResourcesBuildPhase section */

/* Begin PBXSourcesBuildPhase section */
		B2BC0B1828D5AAF1002DC7E5 /* Sources */ = {
			isa = PBXSourcesBuildPhase;
			buildActionMask = 2147483647;
			files = (
				B2BC0B3B28D5E9CD002DC7E5 /* CircleGroupView.swift in Sources */,
				B2BC0B3728D5D3BC002DC7E5 /* OnboardingView.swift in Sources */,
				B2BC0B3928D5D3D3002DC7E5 /* HomeView.swift in Sources */,
				B2BC0B2228D5AAF1002DC7E5 /* ContentView.swift in Sources */,
				B2BC0B2028D5AAF1002DC7E5 /* RestartAppApp.swift in Sources */,
			);
			runOnlyForDeploymentPostprocessing = 0;
		};
/* End PBXSourcesBuildPhase section */

/* Begin XCBuildConfiguration section */
		B2BC0B2828D5AAF3002DC7E5 /* Debug */ = {
			isa = XCBuildConfiguration;
			buildSettings = {
				ALWAYS_SEARCH_USER_PATHS = NO;
				CLANG_ANALYZER_NONNULL = YES;
				CLANG_ANALYZER_NUMBER_OBJECT_CONVERSION = YES_AGGRESSIVE;
				CLANG_CXX_LANGUAGE_STANDARD = "gnu++20";
				CLANG_ENABLE_MODULES = YES;
				CLANG_ENABLE_OBJC_ARC = YES;
				CLANG_ENABLE_OBJC_WEAK = YES;
				CLANG_WARN_BLOCK_CAPTURE_AUTORELEASING = YES;
				CLANG_WARN_BOOL_CONVERSION = YES;
				CLANG_WARN_COMMA = YES;
				CLANG_WARN_CONSTANT_CONVERSION = YES;
				CLANG_WARN_DEPRECATED_OBJC_IMPLEMENTATIONS = YES;
				CLANG_WARN_DIRECT_OBJC_ISA_USAGE = YES_ERROR;
				CLANG_WARN_DOCUMENTATION_COMMENTS = YES;
				CLANG_WARN_EMPTY_BODY = YES;
				CLANG_WARN_ENUM_CONVERSION = YES;
				CLANG_WARN_INFINITE_RECURSION = YES;
				CLANG_WARN_INT_CONVERSION = YES;
				CLANG_WARN_NON_LITERAL_NULL_CONVERSION = YES;
				CLANG_WARN_OBJC_IMPLICIT_RETAIN_SELF = YES;
				CLANG_WARN_OBJC_LITERAL_CONVERSION = YES;
				CLANG_WARN_OBJC_ROOT_CLASS = YES_ERROR;
				CLANG_WARN_QUOTED_INCLUDE_IN_FRAMEWORK_HEADER = YES;
				CLANG_WARN_RANGE_LOOP_ANALYSIS = YES;
				CLANG_WARN_STRICT_PROTOTYPES = YES;
				CLANG_WARN_SUSPICIOUS_MOVE = YES;
				CLANG_WARN_UNGUARDED_AVAILABILITY = YES_AGGRESSIVE;
				CLANG_WARN_UNREACHABLE_CODE = YES;
				CLANG_WARN__DUPLICATE_METHOD_MATCH = YES;
				COPY_PHASE_STRIP = NO;
				DEBUG_INFORMATION_FORMAT = dwarf;
				ENABLE_STRICT_OBJC_MSGSEND = YES;
				ENABLE_TESTABILITY = YES;
				GCC_C_LANGUAGE_STANDARD = gnu11;
				GCC_DYNAMIC_NO_PIC = NO;
				GCC_NO_COMMON_BLOCKS = YES;
				GCC_OPTIMIZATION_LEVEL = 0;
				GCC_PREPROCESSOR_DEFINITIONS = (
					"DEBUG=1",
					"$(inherited)",
				);
				GCC_WARN_64_TO_32_BIT_CONVERSION = YES;
				GCC_WARN_ABOUT_RETURN_TYPE = YES_ERROR;
				GCC_WARN_UNDECLARED_SELECTOR = YES;
				GCC_WARN_UNINITIALIZED_AUTOS = YES_AGGRESSIVE;
				GCC_WARN_UNUSED_FUNCTION = YES;
				GCC_WARN_UNUSED_VARIABLE = YES;
				IPHONEOS_DEPLOYMENT_TARGET = 16.0;
				MTL_ENABLE_DEBUG_INFO = INCLUDE_SOURCE;
				MTL_FAST_MATH = YES;
				ONLY_ACTIVE_ARCH = YES;
				SDKROOT = iphoneos;
				SWIFT_ACTIVE_COMPILATION_CONDITIONS = DEBUG;
				SWIFT_OPTIMIZATION_LEVEL = "-Onone";
			};
			name = Debug;
		};
		B2BC0B2928D5AAF3002DC7E5 /* Release */ = {
			isa = XCBuildConfiguration;
			buildSettings = {
				ALWAYS_SEARCH_USER_PATHS = NO;
				CLANG_ANALYZER_NONNULL = YES;
				CLANG_ANALYZER_NUMBER_OBJECT_CONVERSION = YES_AGGRESSIVE;
				CLANG_CXX_LANGUAGE_STANDARD = "gnu++20";
				CLANG_ENABLE_MODULES = YES;
				CLANG_ENABLE_OBJC_ARC = YES;
				CLANG_ENABLE_OBJC_WEAK = YES;
				CLANG_WARN_BLOCK_CAPTURE_AUTORELEASING = YES;
				CLANG_WARN_BOOL_CONVERSION = YES;
				CLANG_WARN_COMMA = YES;
				CLANG_WARN_CONSTANT_CONVERSION = YES;
				CLANG_WARN_DEPRECATED_OBJC_IMPLEMENTATIONS = YES;
				CLANG_WARN_DIRECT_OBJC_ISA_USAGE = YES_ERROR;
				CLANG_WARN_DOCUMENTATION_COMMENTS = YES;
				CLANG_WARN_EMPTY_BODY = YES;
				CLANG_WARN_ENUM_CONVERSION = YES;
				CLANG_WARN_INFINITE_RECURSION = YES;
				CLANG_WARN_INT_CONVERSION = YES;
				CLANG_WARN_NON_LITERAL_NULL_CONVERSION = YES;
				CLANG_WARN_OBJC_IMPLICIT_RETAIN_SELF = YES;
				CLANG_WARN_OBJC_LITERAL_CONVERSION = YES;
				CLANG_WARN_OBJC_ROOT_CLASS = YES_ERROR;
				CLANG_WARN_QUOTED_INCLUDE_IN_FRAMEWORK_HEADER = YES;
				CLANG_WARN_RANGE_LOOP_ANALYSIS = YES;
				CLANG_WARN_STRICT_PROTOTYPES = YES;
				CLANG_WARN_SUSPICIOUS_MOVE = YES;
				CLANG_WARN_UNGUARDED_AVAILABILITY = YES_AGGRESSIVE;
				CLANG_WARN_UNREACHABLE_CODE = YES;
				CLANG_WARN__DUPLICATE_METHOD_MATCH = YES;
				COPY_PHASE_STRIP = NO;
				DEBUG_INFORMATION_FORMAT = "dwarf-with-dsym";
				ENABLE_NS_ASSERTIONS = NO;
				ENABLE_STRICT_OBJC_MSGSEND = YES;
				GCC_C_LANGUAGE_STANDARD = gnu11;
				GCC_NO_COMMON_BLOCKS = YES;
				GCC_WARN_64_TO_32_BIT_CONVERSION = YES;
				GCC_WARN_ABOUT_RETURN_TYPE = YES_ERROR;
				GCC_WARN_UNDECLARED_SELECTOR = YES;
				GCC_WARN_UNINITIALIZED_AUTOS = YES_AGGRESSIVE;
				GCC_WARN_UNUSED_FUNCTION = YES;
				GCC_WARN_UNUSED_VARIABLE = YES;
				IPHONEOS_DEPLOYMENT_TARGET = 16.0;
				MTL_ENABLE_DEBUG_INFO = NO;
				MTL_FAST_MATH = YES;
				SDKROOT = iphoneos;
				SWIFT_COMPILATION_MODE = wholemodule;
				SWIFT_OPTIMIZATION_LEVEL = "-O";
				VALIDATE_PRODUCT = YES;
			};
			name = Release;
		};
		B2BC0B2B28D5AAF3002DC7E5 /* Debug */ = {
			isa = XCBuildConfiguration;
			buildSettings = {
				ASSETCATALOG_COMPILER_APPICON_NAME = AppIcon;
				ASSETCATALOG_COMPILER_GLOBAL_ACCENT_COLOR_NAME = AccentColor;
				CODE_SIGN_STYLE = Automatic;
				CURRENT_PROJECT_VERSION = 1;
				DEVELOPMENT_ASSET_PATHS = "\"RestartApp/Preview Content\"";
				ENABLE_PREVIEWS = YES;
				GENERATE_INFOPLIST_FILE = YES;
				INFOPLIST_FILE = RestartApp/Info.plist;
				INFOPLIST_KEY_UIApplicationSceneManifest_Generation = YES;
				INFOPLIST_KEY_UIApplicationSupportsIndirectInputEvents = YES;
				INFOPLIST_KEY_UISupportedInterfaceOrientations = UIInterfaceOrientationPortrait;
				LD_RUNPATH_SEARCH_PATHS = (
					"$(inherited)",
					"@executable_path/Frameworks",
				);
				MARKETING_VERSION = 1.0;
				PRODUCT_BUNDLE_IDENTIFIER = com.thoughtworks.RestartApp;
				PRODUCT_NAME = "$(TARGET_NAME)";
				SWIFT_EMIT_LOC_STRINGS = YES;
				SWIFT_VERSION = 5.0;
				TARGETED_DEVICE_FAMILY = "1,2";
			};
			name = Debug;
		};
		B2BC0B2C28D5AAF3002DC7E5 /* Release */ = {
			isa = XCBuildConfiguration;
			buildSettings = {
				ASSETCATALOG_COMPILER_APPICON_NAME = AppIcon;
				ASSETCATALOG_COMPILER_GLOBAL_ACCENT_COLOR_NAME = AccentColor;
				CODE_SIGN_STYLE = Automatic;
				CURRENT_PROJECT_VERSION = 1;
				DEVELOPMENT_ASSET_PATHS = "\"RestartApp/Preview Content\"";
				ENABLE_PREVIEWS = YES;
				GENERATE_INFOPLIST_FILE = YES;
				INFOPLIST_FILE = RestartApp/Info.plist;
				INFOPLIST_KEY_UIApplicationSceneManifest_Generation = YES;
				INFOPLIST_KEY_UIApplicationSupportsIndirectInputEvents = YES;
				INFOPLIST_KEY_UISupportedInterfaceOrientations = UIInterfaceOrientationPortrait;
				LD_RUNPATH_SEARCH_PATHS = (
					"$(inherited)",
					"@executable_path/Frameworks",
				);
				MARKETING_VERSION = 1.0;
				PRODUCT_BUNDLE_IDENTIFIER = com.thoughtworks.RestartApp;
				PRODUCT_NAME = "$(TARGET_NAME)";
				SWIFT_EMIT_LOC_STRINGS = YES;
				SWIFT_VERSION = 5.0;
				TARGETED_DEVICE_FAMILY = "1,2";
			};
			name = Release;
		};
/* End XCBuildConfiguration section */

/* Begin XCConfigurationList section */
		B2BC0B1728D5AAF1002DC7E5 /* Build configuration list for PBXProject "RestartApp" */ = {
			isa = XCConfigurationList;
			buildConfigurations = (
				B2BC0B2828D5AAF3002DC7E5 /* Debug */,
				B2BC0B2928D5AAF3002DC7E5 /* Release */,
			);
			defaultConfigurationIsVisible = 0;
			defaultConfigurationName = Release;
		};
		B2BC0B2A28D5AAF3002DC7E5 /* Build configuration list for PBXNativeTarget "RestartApp" */ = {
			isa = XCConfigurationList;
			buildConfigurations = (
				B2BC0B2B28D5AAF3002DC7E5 /* Debug */,
				B2BC0B2C28D5AAF3002DC7E5 /* Release */,
			);
			defaultConfigurationIsVisible = 0;
			defaultConfigurationName = Release;
		};
/* End XCConfigurationList section */
	};
	rootObject = B2BC0B1428D5AAF1002DC7E5 /* Project object */;
}
